
Microsoft Visual Studio Solution File, Format Version 11.00
# Visual Studio 2010
Project("{8BC9CEB8-8B4A-11D0-8D11-00A0C91BC942}") = "gesture_viewer_simple", "gesture_viewer_simple_vs2010.vcxproj", "{B52906E0-8111-7245-BBF1-89B46E800164}"
EndProject
Global
	GlobalSection(SolutionConfigurationPlatforms) = preSolution
		Debug|Win32 = Debug|Win32
		Debug|x64 = Debug|x64
		Release|Win32 = Release|Win32
		Release|x64 = Release|x64
	EndGlobalSection
	GlobalSection(ProjectConfigurationPlatforms) = postSolution
		{B52906E0-8111-7245-BBF1-89B46E800164}.Debug|Win32.ActiveCfg = Debug|Win32
		{B52906E0-8111-7245-BBF1-89B46E800164}.Debug|Win32.Build.0 = Debug|Win32
		{B52906E0-8111-7245-BBF1-89B46E800164}.Debug|x64.ActiveCfg = Debug|x64
		{B52906E0-8111-7245-BBF1-89B46E800164}.Debug|x64.Build.0 = Debug|x64
		{B52906E0-8111-7245-BBF1-89B46E800164}.Release|Win32.ActiveCfg = Release|Win32
		{B52906E0-8111-7245-BBF1-89B46E800164}.Release|Win32.Build.0 = Release|Win32
		{B52906E0-8111-7245-BBF1-89B46E800164}.Release|x64.ActiveCfg = Release|x64
		{B52906E0-8111-7245-BBF1-89B46E800164}.Release|x64.Build.0 = Release|x64
	EndGlobalSection
	GlobalSection(SolutionProperties) = preSolution
		HideSolutionNode = FALSE
	EndGlobalSection
EndGlobal
